
Microsoft Visual Studio Solution File, Format Version 12.00
# Visual Studio Version 16
VisualStudioVersion = 16.0.29920.165
MinimumVisualStudioVersion = 10.0.40219.1
Project("{9A19103F-16F7-4668-BE54-9A1E7A4F7556}") = "WebApplicationExample", "WebApplicationExample\WebApplicationExample.csproj", "{2DE672F8-7BF6-48FE-98AE-B451A523A686}"
EndProject
Project("{FAE04EC0-301F-11D3-BF4B-00C04F79EFBC}") = "RazorClassLibraryExample", "RazorClassLibraryExample\RazorClassLibraryExample.csproj", "{65292EB3-3863-45C9-8447-F20FB83E1EB4}"
EndProject
Global
	GlobalSection(SolutionConfigurationPlatforms) = preSolution
		Debug|Any CPU = Debug|Any CPU
		Release|Any CPU = Release|Any CPU
	EndGlobalSection
	GlobalSection(ProjectConfigurationPlatforms) = postSolution
		{2DE672F8-7BF6-48FE-98AE-B451A523A686}.Debug|Any CPU.ActiveCfg = Debug|Any CPU
		{2DE672F8-7BF6-48FE-98AE-B451A523A686}.Debug|Any CPU.Build.0 = Debug|Any CPU
		{2DE672F8-7BF6-48FE-98AE-B451A523A686}.Release|Any CPU.ActiveCfg = Release|Any CPU
		{2DE672F8-7BF6-48FE-98AE-B451A523A686}.Release|Any CPU.Build.0 = Release|Any CPU
		{65292EB3-3863-45C9-8447-F20FB83E1EB4}.Debug|Any CPU.ActiveCfg = Debug|Any CPU
		{65292EB3-3863-45C9-8447-F20FB83E1EB4}.Debug|Any CPU.Build.0 = Debug|Any CPU
		{65292EB3-3863-45C9-8447-F20FB83E1EB4}.Release|Any CPU.ActiveCfg = Release|Any CPU
		{65292EB3-3863-45C9-8447-F20FB83E1EB4}.Release|Any CPU.Build.0 = Release|Any CPU
	EndGlobalSection
	GlobalSection(SolutionProperties) = preSolution
		HideSolutionNode = FALSE
	EndGlobalSection
	GlobalSection(ExtensibilityGlobals) = postSolution
		SolutionGuid = {86A4F348-13F1-4D38-9B18-2717BBC07C8F}
	EndGlobalSection
EndGlobal
